
Microsoft Visual Studio Solution File, Format Version 12.00
# Visual Studio Version 17
VisualStudioVersion = 17.9.34616.47
MinimumVisualStudioVersion = 10.0.40219.1
Project("{9A19103F-16F7-4668-BE54-9A1E7A4F7556}") = "ProjetSuiviGeekServer", "ProjetSuiviGeekServer\ProjetSuiviGeekServer.csproj", "{3D914D7D-CD43-422D-B1DE-414749D1A561}"
EndProject
Project("{9A19103F-16F7-4668-BE54-9A1E7A4F7556}") = "ProjetSuiviGeek.Models", "ProjetSuiviGeek.Models\ProjetSuiviGeek.Models.csproj", "{3D910DEA-0EF5-42BB-B8B9-EC1F661A817D}"
EndProject
Project("{9A19103F-16F7-4668-BE54-9A1E7A4F7556}") = "ProjetSuiviGeek.Data", "ProjetSuiviGeek.Data\ProjetSuiviGeek.Data.csproj", "{EC0123B5-CD9E-455A-883B-33E046AD3C59}"
EndProject
Project("{FAE04EC0-301F-11D3-BF4B-00C04F79EFBC}") = "ProjetSuiviGeek.Blazor", "ProjetSuiviGeek.Blazor\ProjetSuiviGeek.Blazor.csproj", "{291D3591-8617-455D-9AB7-EA04C06E72B0}"
EndProject
Global
	GlobalSection(SolutionConfigurationPlatforms) = preSolution
		Debug|Any CPU = Debug|Any CPU
		Debug|iPhone = Debug|iPhone
		Debug|iPhoneSimulator = Debug|iPhoneSimulator
		Release|Any CPU = Release|Any CPU
		Release|iPhone = Release|iPhone
		Release|iPhoneSimulator = Release|iPhoneSimulator
	EndGlobalSection
	GlobalSection(ProjectConfigurationPlatforms) = postSolution
		{3D914D7D-CD43-422D-B1DE-414749D1A561}.Debug|Any CPU.ActiveCfg = Debug|Any CPU
		{3D914D7D-CD43-422D-B1DE-414749D1A561}.Debug|Any CPU.Build.0 = Debug|Any CPU
		{3D914D7D-CD43-422D-B1DE-414749D1A561}.Debug|iPhone.ActiveCfg = Debug|Any CPU
		{3D914D7D-CD43-422D-B1DE-414749D1A561}.Debug|iPhone.Build.0 = Debug|Any CPU
		{3D914D7D-CD43-422D-B1DE-414749D1A561}.Debug|iPhoneSimulator.ActiveCfg = Debug|Any CPU
		{3D914D7D-CD43-422D-B1DE-414749D1A561}.Debug|iPhoneSimulator.Build.0 = Debug|Any CPU
		{3D914D7D-CD43-422D-B1DE-414749D1A561}.Release|Any CPU.ActiveCfg = Release|Any CPU
		{3D914D7D-CD43-422D-B1DE-414749D1A561}.Release|Any CPU.Build.0 = Release|Any CPU
		{3D914D7D-CD43-422D-B1DE-414749D1A561}.Release|iPhone.ActiveCfg = Release|Any CPU
		{3D914D7D-CD43-422D-B1DE-414749D1A561}.Release|iPhone.Build.0 = Release|Any CPU
		{3D914D7D-CD43-422D-B1DE-414749D1A561}.Release|iPhoneSimulator.ActiveCfg = Release|Any CPU
		{3D914D7D-CD43-422D-B1DE-414749D1A561}.Release|iPhoneSimulator.Build.0 = Release|Any CPU
		{3D910DEA-0EF5-42BB-B8B9-EC1F661A817D}.Debug|Any CPU.ActiveCfg = Debug|Any CPU
		{3D910DEA-0EF5-42BB-B8B9-EC1F661A817D}.Debug|Any CPU.Build.0 = Debug|Any CPU
		{3D910DEA-0EF5-42BB-B8B9-EC1F661A817D}.Debug|iPhone.ActiveCfg = Debug|Any CPU
		{3D910DEA-0EF5-42BB-B8B9-EC1F661A817D}.Debug|iPhone.Build.0 = Debug|Any CPU
		{3D910DEA-0EF5-42BB-B8B9-EC1F661A817D}.Debug|iPhoneSimulator.ActiveCfg = Debug|Any CPU
		{3D910DEA-0EF5-42BB-B8B9-EC1F661A817D}.Debug|iPhoneSimulator.Build.0 = Debug|Any CPU
		{3D910DEA-0EF5-42BB-B8B9-EC1F661A817D}.Release|Any CPU.ActiveCfg = Release|Any CPU
		{3D910DEA-0EF5-42BB-B8B9-EC1F661A817D}.Release|Any CPU.Build.0 = Release|Any CPU
		{3D910DEA-0EF5-42BB-B8B9-EC1F661A817D}.Release|iPhone.ActiveCfg = Release|Any CPU
		{3D910DEA-0EF5-42BB-B8B9-EC1F661A817D}.Release|iPhone.Build.0 = Release|Any CPU
		{3D910DEA-0EF5-42BB-B8B9-EC1F661A817D}.Release|iPhoneSimulator.ActiveCfg = Release|Any CPU
		{3D910DEA-0EF5-42BB-B8B9-EC1F661A817D}.Release|iPhoneSimulator.Build.0 = Release|Any CPU
		{EC0123B5-CD9E-455A-883B-33E046AD3C59}.Debug|Any CPU.ActiveCfg = Debug|Any CPU
		{EC0123B5-CD9E-455A-883B-33E046AD3C59}.Debug|Any CPU.Build.0 = Debug|Any CPU
		{EC0123B5-CD9E-455A-883B-33E046AD3C59}.Debug|iPhone.ActiveCfg = Debug|Any CPU
		{EC0123B5-CD9E-455A-883B-33E046AD3C59}.Debug|iPhone.Build.0 = Debug|Any CPU
		{EC0123B5-CD9E-455A-883B-33E046AD3C59}.Debug|iPhoneSimulator.ActiveCfg = Debug|Any CPU
		{EC0123B5-CD9E-455A-883B-33E046AD3C59}.Debug|iPhoneSimulator.Build.0 = Debug|Any CPU
		{EC0123B5-CD9E-455A-883B-33E046AD3C59}.Release|Any CPU.ActiveCfg = Release|Any CPU
		{EC0123B5-CD9E-455A-883B-33E046AD3C59}.Release|Any CPU.Build.0 = Release|Any CPU
		{EC0123B5-CD9E-455A-883B-33E046AD3C59}.Release|iPhone.ActiveCfg = Release|Any CPU
		{EC0123B5-CD9E-455A-883B-33E046AD3C59}.Release|iPhone.Build.0 = Release|Any CPU
		{EC0123B5-CD9E-455A-883B-33E046AD3C59}.Release|iPhoneSimulator.ActiveCfg = Release|Any CPU
		{EC0123B5-CD9E-455A-883B-33E046AD3C59}.Release|iPhoneSimulator.Build.0 = Release|Any CPU
		{291D3591-8617-455D-9AB7-EA04C06E72B0}.Debug|Any CPU.ActiveCfg = Debug|Any CPU
		{291D3591-8617-455D-9AB7-EA04C06E72B0}.Debug|Any CPU.Build.0 = Debug|Any CPU
		{291D3591-8617-455D-9AB7-EA04C06E72B0}.Debug|iPhone.ActiveCfg = Debug|Any CPU
		{291D3591-8617-455D-9AB7-EA04C06E72B0}.Debug|iPhone.Build.0 = Debug|Any CPU
		{291D3591-8617-455D-9AB7-EA04C06E72B0}.Debug|iPhoneSimulator.ActiveCfg = Debug|Any CPU
		{291D3591-8617-455D-9AB7-EA04C06E72B0}.Debug|iPhoneSimulator.Build.0 = Debug|Any CPU
		{291D3591-8617-455D-9AB7-EA04C06E72B0}.Release|Any CPU.ActiveCfg = Release|Any CPU
		{291D3591-8617-455D-9AB7-EA04C06E72B0}.Release|Any CPU.Build.0 = Release|Any CPU
		{291D3591-8617-455D-9AB7-EA04C06E72B0}.Release|iPhone.ActiveCfg = Release|Any CPU
		{291D3591-8617-455D-9AB7-EA04C06E72B0}.Release|iPhone.Build.0 = Release|Any CPU
		{291D3591-8617-455D-9AB7-EA04C06E72B0}.Release|iPhoneSimulator.ActiveCfg = Release|Any CPU
		{291D3591-8617-455D-9AB7-EA04C06E72B0}.Release|iPhoneSimulator.Build.0 = Release|Any CPU
	EndGlobalSection
	GlobalSection(SolutionProperties) = preSolution
		HideSolutionNode = FALSE
	EndGlobalSection
	GlobalSection(ExtensibilityGlobals) = postSolution
		SolutionGuid = {2DE38602-507C-4045-BB56-224EEB9E0E04}
	EndGlobalSection
EndGlobal
